
Microsoft Visual Studio Solution File, Format Version 12.00
# Visual Studio Version 17
VisualStudioVersion = 17.7.34221.43
MinimumVisualStudioVersion = 10.0.40219.1
Project("{FAE04EC0-301F-11D3-BF4B-00C04F79EFBC}") = "proglab7", "proglab7.csproj", "{86F9D919-BD4F-42DF-81AF-E67F4E515BBC}"
EndProject
Global
	GlobalSection(SolutionConfigurationPlatforms) = preSolution
		Debug|Any CPU = Debug|Any CPU
		Release|Any CPU = Release|Any CPU
	EndGlobalSection
	GlobalSection(ProjectConfigurationPlatforms) = postSolution
		{86F9D919-BD4F-42DF-81AF-E67F4E515BBC}.Debug|Any CPU.ActiveCfg = Debug|Any CPU
		{86F9D919-BD4F-42DF-81AF-E67F4E515BBC}.Debug|Any CPU.Build.0 = Debug|Any CPU
		{86F9D919-BD4F-42DF-81AF-E67F4E515BBC}.Release|Any CPU.ActiveCfg = Release|Any CPU
		{86F9D919-BD4F-42DF-81AF-E67F4E515BBC}.Release|Any CPU.Build.0 = Release|Any CPU
	EndGlobalSection
	GlobalSection(SolutionProperties) = preSolution
		HideSolutionNode = FALSE
	EndGlobalSection
	GlobalSection(ExtensibilityGlobals) = postSolution
		SolutionGuid = {85B3EED3-E7D9-499F-92F9-BF0716D336D6}
	EndGlobalSection
EndGlobal
